
Microsoft Visual Studio Solution File, Format Version 12.00
# Visual Studio Version 17
VisualStudioVersion = 17.14.36518.9 d17.14
MinimumVisualStudioVersion = 10.0.40219.1
Project("{FAE04EC0-301F-11D3-BF4B-00C04F79EFBC}") = "Kata.ChristmasSong", "KatasTDD\Kata.ChristmasSong\Kata.ChristmasSong.csproj", "{82D2A7DD-132C-E11E-BB88-6A378D2B79BA}"
EndProject
Global
	GlobalSection(SolutionConfigurationPlatforms) = preSolution
		Debug|Any CPU = Debug|Any CPU
		Release|Any CPU = Release|Any CPU
	EndGlobalSection
	GlobalSection(ProjectConfigurationPlatforms) = postSolution
		{82D2A7DD-132C-E11E-BB88-6A378D2B79BA}.Debug|Any CPU.ActiveCfg = Debug|Any CPU
		{82D2A7DD-132C-E11E-BB88-6A378D2B79BA}.Debug|Any CPU.Build.0 = Debug|Any CPU
		{82D2A7DD-132C-E11E-BB88-6A378D2B79BA}.Release|Any CPU.ActiveCfg = Release|Any CPU
		{82D2A7DD-132C-E11E-BB88-6A378D2B79BA}.Release|Any CPU.Build.0 = Release|Any CPU
	EndGlobalSection
	GlobalSection(SolutionProperties) = preSolution
		HideSolutionNode = FALSE
	EndGlobalSection
	GlobalSection(ExtensibilityGlobals) = postSolution
		SolutionGuid = {3E6F5DD0-D1AD-4176-A80E-403DA90E68DA}
	EndGlobalSection
EndGlobal
